PODS:
  - Flutter (1.0.0)
  - flutter_compass (0.0.1):
    - Flutter
  - flutter_inappwebview_ios (0.0.1):
    - Flutter
    - flutter_inappwebview_ios/Core (= 0.0.1)
    - OrderedSet (~> 6.0.3)
  - flutter_inappwebview_ios/Core (0.0.1):
    - Flutter
    - OrderedSet (~> 6.0.3)
  - Google-Maps-iOS-Utils (6.1.0):
    - GoogleMaps (~> 9.0)
  - google_maps_flutter_ios (0.0.1):
    - Flutter
    - Google-Maps-iOS-Utils (< 7.0, >= 5.0)
    - GoogleMaps (< 11.0, >= 8.4)
  - GoogleMaps (9.4.0):
    - GoogleMaps/Maps (= 9.4.0)
  - GoogleMaps/Maps (9.4.0)
  - ObjectBox (4.4.1)
  - objectbox_flutter_libs (0.0.1):
    - Flutter
    - ObjectBox (= 4.4.1)
  - OrderedSet (6.0.3)
  - torch_light (0.0.1):
    - Flutter

DEPENDENCIES:
  - Flutter (from `Flutter`)
  - flutter_compass (from `.symlinks/plugins/flutter_compass/ios`)
  - flutter_inappwebview_ios (from `.symlinks/plugins/flutter_inappwebview_ios/ios`)
  - google_maps_flutter_ios (from `.symlinks/plugins/google_maps_flutter_ios/ios`)
  - objectbox_flutter_libs (from `.symlinks/plugins/objectbox_flutter_libs/ios`)
  - torch_light (from `.symlinks/plugins/torch_light/ios`)

SPEC REPOS:
  trunk:
    - Google-Maps-iOS-Utils
    - GoogleMaps
    - ObjectBox
    - OrderedSet

EXTERNAL SOURCES:
  Flutter:
    :path: Flutter
  flutter_compass:
    :path: ".symlinks/plugins/flutter_compass/ios"
  flutter_inappwebview_ios:
    :path: ".symlinks/plugins/flutter_inappwebview_ios/ios"
  google_maps_flutter_ios:
    :path: ".symlinks/plugins/google_maps_flutter_ios/ios"
  objectbox_flutter_libs:
    :path: ".symlinks/plugins/objectbox_flutter_libs/ios"
  torch_light:
    :path: ".symlinks/plugins/torch_light/ios"

SPEC CHECKSUMS:
  Flutter: cabc95a1d2626b1b06e7179b784ebcf0c0cde467
  flutter_compass: b236ab69b61545cce89fd58527f401a7587d5cc1
  flutter_inappwebview_ios: b89ba3482b96fb25e00c967aae065701b66e9b99
  Google-Maps-iOS-Utils: 0a484b05ed21d88c9f9ebbacb007956edd508a96
  google_maps_flutter_ios: 17552876e72723da1d41accc22f03b5f7afbde69
  GoogleMaps: 0608099d4870cac8754bdba9b6953db543432438
  ObjectBox: 7da4aceb5013d041bfafdbc6d744a26918b09757
  objectbox_flutter_libs: 09b1dec1b4cd27bf1a5f9bae7ccaa7e43588bf31
  OrderedSet: e539b66b644ff081c73a262d24ad552a69be3a94
  torch_light: d093d579a221a59ef8a6b8c0eca20d52f7178087

PODFILE CHECKSUM: 0cc838d996b112507c73180e273d56c3182e2b99

COCOAPODS: 1.17.0
